{
  "name": "DAO-Proposal-Governance",
  "lockfileVersion": 3,
  "requires": true,
  "packages": {
    "": {
      "dependencies": {
        "clsx": "^2.1.1",
        "mini-svg-data-uri": "^1.4.4",
        "motion": "^12.0.11",
        "tailwind-merge": "^3.0.1"
      }
    },
    "node_modules/clsx": {
      "version": "2.1.1",
      "resolved": "https://registry.npmjs.org/clsx/-/clsx-2.1.1.tgz",
      "integrity": "sha512-eYm0QWBtUrBWZWG0d386OGAw16Z995PiOVo2B7bjWSbHedGl5e0ZWaq65kOGgUSNesEIDkB9ISbTg/JK9dhCZA==",
      "license": "MIT",
      "engines": {
        "node": ">=6"
      }
    },
    "node_modules/framer-motion": {
      "version": "12.0.11",
      "resolved": "https://registry.npmjs.org/framer-motion/-/framer-motion-12.0.11.tgz",
      "integrity": "sha512-1F+YNXr3bSHxt5sCzeCVL56sc4MngbOhdU5ptv02vaepdFYcQd0fZtuAHvFJgMbn5V7SOsaX/3hVqr21ZaCKhA==",
      "license": "MIT",
      "dependencies": {
        "motion-dom": "^12.0.0",
        "motion-utils": "^12.0.0",
        "tslib": "^2.4.0"
      },
      "peerDependencies": {
        "@emotion/is-prop-valid": "*",
        "react": "^18.0.0 || ^19.0.0",
        "react-dom": "^18.0.0 || ^19.0.0"
      },
      "peerDependenciesMeta": {
        "@emotion/is-prop-valid": {
          "optional": true
        },
        "react": {
          "optional": true
        },
        "react-dom": {
          "optional": true
        }
      }
    },
    "node_modules/mini-svg-data-uri": {
      "version": "1.4.4",
      "resolved": "https://registry.npmjs.org/mini-svg-data-uri/-/mini-svg-data-uri-1.4.4.tgz",
      "integrity": "sha512-r9deDe9p5FJUPZAk3A59wGH7Ii9YrjjWw0jmw/liSbHl2CHiyXj6FcDXDu2K3TjVAXqiJdaw3xxwlZZr9E6nHg==",
      "license": "MIT",
      "bin": {
        "mini-svg-data-uri": "cli.js"
      }
    },
    "node_modules/motion": {
      "version": "12.0.11",
      "resolved": "https://registry.npmjs.org/motion/-/motion-12.0.11.tgz",
      "integrity": "sha512-3jagvC6gy/AQn+pw26g7Ti7OAKkcN1srJS77VK6N1xN9wh7AUMtC/htNhWZQ5nIv8FvODW9wdzcuTstzoAt6pA==",
      "license": "MIT",
      "dependencies": {
        "framer-motion": "^12.0.11",
        "tslib": "^2.4.0"
      },
      "peerDependencies": {
        "@emotion/is-prop-valid": "*",
        "react": "^18.0.0 || ^19.0.0",
        "react-dom": "^18.0.0 || ^19.0.0"
      },
      "peerDependenciesMeta": {
        "@emotion/is-prop-valid": {
          "optional": true
        },
        "react": {
          "optional": true
        },
        "react-dom": {
          "optional": true
        }
      }
    },
    "node_modules/motion-dom": {
      "version": "12.0.0",
      "resolved": "https://registry.npmjs.org/motion-dom/-/motion-dom-12.0.0.tgz",
      "integrity": "sha512-CvYd15OeIR6kHgMdonCc1ihsaUG4MYh/wrkz8gZ3hBX/uamyZCXN9S9qJoYF03GqfTt7thTV/dxnHYX4+55vDg==",
      "license": "MIT",
      "dependencies": {
        "motion-utils": "^12.0.0"
      }
    },
    "node_modules/motion-utils": {
      "version": "12.0.0",
      "resolved": "https://registry.npmjs.org/motion-utils/-/motion-utils-12.0.0.tgz",
      "integrity": "sha512-MNFiBKbbqnmvOjkPyOKgHUp3Q6oiokLkI1bEwm5QA28cxMZrv0CbbBGDNmhF6DIXsi1pCQBSs0dX8xjeER1tmA==",
      "license": "MIT"
    },
    "node_modules/tailwind-merge": {
      "version": "3.0.1",
      "resolved": "https://registry.npmjs.org/tailwind-merge/-/tailwind-merge-3.0.1.tgz",
      "integrity": "sha512-AvzE8FmSoXC7nC+oU5GlQJbip2UO7tmOhOfQyOmPhrStOGXHU08j8mZEHZ4BmCqY5dWTCo4ClWkNyRNx1wpT0g==",
      "license": "MIT",
      "funding": {
        "type": "github",
        "url": "https://github.com/sponsors/dcastil"
      }
    },
    "node_modules/tslib": {
      "version": "2.8.1",
      "resolved": "https://registry.npmjs.org/tslib/-/tslib-2.8.1.tgz",
      "integrity": "sha512-oJFu94HQb+KVduSUQL7wnpmqnfmLsOA/nAh6b6EH0wCEoK0/mPeXU6c3wKDV83MkOuHPRHtSXKKU99IBazS/2w==",
      "license": "0BSD"
    }
  }
}
